
Microsoft Visual Studio Solution File, Format Version 12.00
# Visual Studio 2012
Project("{FAE04EC0-301F-11D3-BF4B-00C04F79EFBC}") = "Viewer", "Viewer\Viewer.csproj", "{19A1813B-B9A7-4194-B9B1-9A5B2E26E01E}"
EndProject
Global
	GlobalSection(SolutionConfigurationPlatforms) = preSolution
		Debug|Any CPU = Debug|Any CPU
		Release|Any CPU = Release|Any CPU
	EndGlobalSection
	GlobalSection(ProjectConfigurationPlatforms) = postSolution
		{19A1813B-B9A7-4194-B9B1-9A5B2E26E01E}.Debug|Any CPU.ActiveCfg = Debug|Any CPU
		{19A1813B-B9A7-4194-B9B1-9A5B2E26E01E}.Debug|Any CPU.Build.0 = Debug|Any CPU
		{19A1813B-B9A7-4194-B9B1-9A5B2E26E01E}.Release|Any CPU.ActiveCfg = Release|Any CPU
		{19A1813B-B9A7-4194-B9B1-9A5B2E26E01E}.Release|Any CPU.Build.0 = Release|Any CPU
	EndGlobalSection
	GlobalSection(SolutionProperties) = preSolution
		HideSolutionNode = FALSE
	EndGlobalSection
EndGlobal
